
Microsoft Visual Studio Solution File, Format Version 12.00
# Visual Studio Version 17
VisualStudioVersion = 17.9.34701.34
MinimumVisualStudioVersion = 10.0.40219.1
Project("{FAE04EC0-301F-11D3-BF4B-00C04F79EFBC}") = "Server", "Server\Server.csproj", "{F72B3225-93DA-4C13-936D-56B2F0B5745E}"
EndProject
Global
	GlobalSection(SolutionConfigurationPlatforms) = preSolution
		Debug|Any CPU = Debug|Any CPU
		Release|Any CPU = Release|Any CPU
	EndGlobalSection
	GlobalSection(ProjectConfigurationPlatforms) = postSolution
		{F72B3225-93DA-4C13-936D-56B2F0B5745E}.Debug|Any CPU.ActiveCfg = Debug|Any CPU
		{F72B3225-93DA-4C13-936D-56B2F0B5745E}.Debug|Any CPU.Build.0 = Debug|Any CPU
		{F72B3225-93DA-4C13-936D-56B2F0B5745E}.Release|Any CPU.ActiveCfg = Release|Any CPU
		{F72B3225-93DA-4C13-936D-56B2F0B5745E}.Release|Any CPU.Build.0 = Release|Any CPU
	EndGlobalSection
	GlobalSection(SolutionProperties) = preSolution
		HideSolutionNode = FALSE
	EndGlobalSection
	GlobalSection(ExtensibilityGlobals) = postSolution
		SolutionGuid = {A1B823C5-9714-416E-878F-F2D7C02E07E1}
	EndGlobalSection
EndGlobal
